
Microsoft Visual Studio Solution File, Format Version 12.00
# Visual Studio Version 17
VisualStudioVersion = 17.8.34322.80
MinimumVisualStudioVersion = 10.0.40219.1
Project("{FAE04EC0-301F-11D3-BF4B-00C04F79EFBC}") = "WpfApp1", "WpfApp1\WpfApp1.csproj", "{FC18253B-2941-45CD-9564-57E10899A58B}"
EndProject
Global
	GlobalSection(SolutionConfigurationPlatforms) = preSolution
		Debug|Any CPU = Debug|Any CPU
		Release|Any CPU = Release|Any CPU
	EndGlobalSection
	GlobalSection(ProjectConfigurationPlatforms) = postSolution
		{FC18253B-2941-45CD-9564-57E10899A58B}.Debug|Any CPU.ActiveCfg = Debug|Any CPU
		{FC18253B-2941-45CD-9564-57E10899A58B}.Debug|Any CPU.Build.0 = Debug|Any CPU
		{FC18253B-2941-45CD-9564-57E10899A58B}.Release|Any CPU.ActiveCfg = Release|Any CPU
		{FC18253B-2941-45CD-9564-57E10899A58B}.Release|Any CPU.Build.0 = Release|Any CPU
	EndGlobalSection
	GlobalSection(SolutionProperties) = preSolution
		HideSolutionNode = FALSE
	EndGlobalSection
	GlobalSection(ExtensibilityGlobals) = postSolution
		SolutionGuid = {51C63528-D9DE-4A90-B3AE-C3C4B34CE50F}
	EndGlobalSection
EndGlobal
